{
  "object": {
    "pins": [
      {
        "package": "swift-custom-dump",
        "repositoryURL": "https://github.com/pointfreeco/swift-custom-dump.git",
        "state": {
          "branch": null,
          "revision": "51698ece74ecf31959d3fa81733f0a5363ef1b4e",
          "version": "0.3.0"
        }
      },
      {
        "package": "SnapshotTesting",
        "repositoryURL": "https://github.com/pointfreeco/swift-snapshot-testing.git",
        "state": {
          "branch": null,
          "revision": "f8a9c997c3c1dab4e216a8ec9014e23144cbab37",
          "version": "1.9.0"
        }
      },
      {
        "package": "ViewInspector",
        "repositoryURL": "https://github.com/nalexn/ViewInspector",
        "state": {
          "branch": null,
          "revision": "6b88c4ec1fa20cf38f2138052e63c8e79df5d76e",
          "version": "0.9.1"
        }
      },
      {
        "package": "xctest-dynamic-overlay",
        "repositoryURL": "https://github.com/pointfreeco/xctest-dynamic-overlay",
        "state": {
          "branch": null,
          "revision": "50a70a9d3583fe228ce672e8923010c8df2deddd",
          "version": "0.2.1"
        }
      }
    ]
  },
  "version": 1
}
